
Microsoft Visual Studio Solution File, Format Version 12.00
# Visual Studio 15
Project("{FAE04EC0-301F-11D3-BF4B-00C04F79EFBC}") = "AR_Tutorial_Template", "Assembly-CSharp.csproj", "{F33D4FA9-2D4B-223A-2747-84A62D42B0E3}"
EndProject
Project("{FAE04EC0-301F-11D3-BF4B-00C04F79EFBC}") = "AR_Tutorial_Template", "Assembly-CSharp-Editor.csproj", "{65B3660D-86D2-95A2-39D9-D77669CCB76B}"
EndProject
Global
	GlobalSection(SolutionConfigurationPlatforms) = preSolution
		Debug|Any CPU = Debug|Any CPU
		Release|Any CPU = Release|Any CPU
	EndGlobalSection
	GlobalSection(ProjectConfigurationPlatforms) = postSolution
		{F33D4FA9-2D4B-223A-2747-84A62D42B0E3}.Debug|Any CPU.ActiveCfg = Debug|Any CPU
		{F33D4FA9-2D4B-223A-2747-84A62D42B0E3}.Debug|Any CPU.Build.0 = Debug|Any CPU
		{F33D4FA9-2D4B-223A-2747-84A62D42B0E3}.Release|Any CPU.ActiveCfg = Release|Any CPU
		{F33D4FA9-2D4B-223A-2747-84A62D42B0E3}.Release|Any CPU.Build.0 = Release|Any CPU
		{65B3660D-86D2-95A2-39D9-D77669CCB76B}.Debug|Any CPU.ActiveCfg = Debug|Any CPU
		{65B3660D-86D2-95A2-39D9-D77669CCB76B}.Debug|Any CPU.Build.0 = Debug|Any CPU
		{65B3660D-86D2-95A2-39D9-D77669CCB76B}.Release|Any CPU.ActiveCfg = Release|Any CPU
		{65B3660D-86D2-95A2-39D9-D77669CCB76B}.Release|Any CPU.Build.0 = Release|Any CPU
	EndGlobalSection
	GlobalSection(SolutionProperties) = preSolution
		HideSolutionNode = FALSE
	EndGlobalSection
EndGlobal
