
Microsoft Visual Studio Solution File, Format Version 12.00
# Visual Studio 15
Project("{FAE04EC0-301F-11D3-BF4B-00C04F79EFBC}") = "Master_Water_Project_v0.0.14", "Assembly-CSharp.csproj", "{BA09F60B-4DC5-4A43-E2C8-77DA56968B8F}"
EndProject
Project("{FAE04EC0-301F-11D3-BF4B-00C04F79EFBC}") = "Master_Water_Project_v0.0.14", "Assembly-CSharp-Editor.csproj", "{FB5C6655-9E2B-4071-FE2D-DBD190DC387F}"
EndProject
Global
	GlobalSection(SolutionConfigurationPlatforms) = preSolution
		Debug|Any CPU = Debug|Any CPU
		Release|Any CPU = Release|Any CPU
	EndGlobalSection
	GlobalSection(ProjectConfigurationPlatforms) = postSolution
		{BA09F60B-4DC5-4A43-E2C8-77DA56968B8F}.Debug|Any CPU.ActiveCfg = Debug|Any CPU
		{BA09F60B-4DC5-4A43-E2C8-77DA56968B8F}.Debug|Any CPU.Build.0 = Debug|Any CPU
		{BA09F60B-4DC5-4A43-E2C8-77DA56968B8F}.Release|Any CPU.ActiveCfg = Release|Any CPU
		{BA09F60B-4DC5-4A43-E2C8-77DA56968B8F}.Release|Any CPU.Build.0 = Release|Any CPU
		{FB5C6655-9E2B-4071-FE2D-DBD190DC387F}.Debug|Any CPU.ActiveCfg = Debug|Any CPU
		{FB5C6655-9E2B-4071-FE2D-DBD190DC387F}.Debug|Any CPU.Build.0 = Debug|Any CPU
		{FB5C6655-9E2B-4071-FE2D-DBD190DC387F}.Release|Any CPU.ActiveCfg = Release|Any CPU
		{FB5C6655-9E2B-4071-FE2D-DBD190DC387F}.Release|Any CPU.Build.0 = Release|Any CPU
	EndGlobalSection
	GlobalSection(SolutionProperties) = preSolution
		HideSolutionNode = FALSE
	EndGlobalSection
EndGlobal
