
Microsoft Visual Studio Solution File, Format Version 12.00
# Visual Studio 15
Project("{FAE04EC0-301F-11D3-BF4B-00C04F79EFBC}") = "Master_Water_Project_v0.0.10", "Assembly-CSharp.csproj", "{F583F4C1-EA95-B804-3F81-33C6539933E1}"
EndProject
Project("{FAE04EC0-301F-11D3-BF4B-00C04F79EFBC}") = "Master_Water_Project_v0.0.10", "Assembly-CSharp-Editor.csproj", "{9D3AB810-18EE-31C6-D5E5-1AB49F2AF412}"
EndProject
Global
	GlobalSection(SolutionConfigurationPlatforms) = preSolution
		Debug|Any CPU = Debug|Any CPU
		Release|Any CPU = Release|Any CPU
	EndGlobalSection
	GlobalSection(ProjectConfigurationPlatforms) = postSolution
		{F583F4C1-EA95-B804-3F81-33C6539933E1}.Debug|Any CPU.ActiveCfg = Debug|Any CPU
		{F583F4C1-EA95-B804-3F81-33C6539933E1}.Debug|Any CPU.Build.0 = Debug|Any CPU
		{F583F4C1-EA95-B804-3F81-33C6539933E1}.Release|Any CPU.ActiveCfg = Release|Any CPU
		{F583F4C1-EA95-B804-3F81-33C6539933E1}.Release|Any CPU.Build.0 = Release|Any CPU
		{9D3AB810-18EE-31C6-D5E5-1AB49F2AF412}.Debug|Any CPU.ActiveCfg = Debug|Any CPU
		{9D3AB810-18EE-31C6-D5E5-1AB49F2AF412}.Debug|Any CPU.Build.0 = Debug|Any CPU
		{9D3AB810-18EE-31C6-D5E5-1AB49F2AF412}.Release|Any CPU.ActiveCfg = Release|Any CPU
		{9D3AB810-18EE-31C6-D5E5-1AB49F2AF412}.Release|Any CPU.Build.0 = Release|Any CPU
	EndGlobalSection
	GlobalSection(SolutionProperties) = preSolution
		HideSolutionNode = FALSE
	EndGlobalSection
EndGlobal
