
Microsoft Visual Studio Solution File, Format Version 12.00
# Visual Studio 15
Project("{FAE04EC0-301F-11D3-BF4B-00C04F79EFBC}") = "Master_Water_Project_v0.0.6", "Assembly-CSharp.csproj", "{75B446F9-4E3D-56B2-6109-4E1B984F1CEB}"
EndProject
Project("{FAE04EC0-301F-11D3-BF4B-00C04F79EFBC}") = "Master_Water_Project_v0.0.6", "Assembly-CSharp-Editor.csproj", "{EC893BDD-1A72-4CB8-20A1-078DA48EE031}"
EndProject
Global
	GlobalSection(SolutionConfigurationPlatforms) = preSolution
		Debug|Any CPU = Debug|Any CPU
		Release|Any CPU = Release|Any CPU
	EndGlobalSection
	GlobalSection(ProjectConfigurationPlatforms) = postSolution
		{75B446F9-4E3D-56B2-6109-4E1B984F1CEB}.Debug|Any CPU.ActiveCfg = Debug|Any CPU
		{75B446F9-4E3D-56B2-6109-4E1B984F1CEB}.Debug|Any CPU.Build.0 = Debug|Any CPU
		{75B446F9-4E3D-56B2-6109-4E1B984F1CEB}.Release|Any CPU.ActiveCfg = Release|Any CPU
		{75B446F9-4E3D-56B2-6109-4E1B984F1CEB}.Release|Any CPU.Build.0 = Release|Any CPU
		{EC893BDD-1A72-4CB8-20A1-078DA48EE031}.Debug|Any CPU.ActiveCfg = Debug|Any CPU
		{EC893BDD-1A72-4CB8-20A1-078DA48EE031}.Debug|Any CPU.Build.0 = Debug|Any CPU
		{EC893BDD-1A72-4CB8-20A1-078DA48EE031}.Release|Any CPU.ActiveCfg = Release|Any CPU
		{EC893BDD-1A72-4CB8-20A1-078DA48EE031}.Release|Any CPU.Build.0 = Release|Any CPU
	EndGlobalSection
	GlobalSection(SolutionProperties) = preSolution
		HideSolutionNode = FALSE
	EndGlobalSection
EndGlobal
