
Microsoft Visual Studio Solution File, Format Version 12.00
# Visual Studio 15
Project("{FAE04EC0-301F-11D3-BF4B-00C04F79EFBC}") = "Assembly-CSharp", "Assembly-CSharp.csproj", "{AB5F8AF8-39ED-C191-9BA7-968D81096DCC}"
EndProject
Project("{FAE04EC0-301F-11D3-BF4B-00C04F79EFBC}") = "VuforiaScripts", "VuforiaScripts.csproj", "{833175D2-8514-9CC9-D671-BF89063742A8}"
EndProject
Project("{FAE04EC0-301F-11D3-BF4B-00C04F79EFBC}") = "VuforiaEditorScripts", "VuforiaEditorScripts.csproj", "{9B6086EF-4BE6-70F3-5152-DF70F30AC71D}"
EndProject
Global
	GlobalSection(SolutionConfigurationPlatforms) = preSolution
		Debug|Any CPU = Debug|Any CPU
		Release|Any CPU = Release|Any CPU
	EndGlobalSection
	GlobalSection(ProjectConfigurationPlatforms) = postSolution
		{AB5F8AF8-39ED-C191-9BA7-968D81096DCC}.Debug|Any CPU.ActiveCfg = Debug|Any CPU
		{AB5F8AF8-39ED-C191-9BA7-968D81096DCC}.Debug|Any CPU.Build.0 = Debug|Any CPU
		{AB5F8AF8-39ED-C191-9BA7-968D81096DCC}.Release|Any CPU.ActiveCfg = Release|Any CPU
		{AB5F8AF8-39ED-C191-9BA7-968D81096DCC}.Release|Any CPU.Build.0 = Release|Any CPU
		{833175D2-8514-9CC9-D671-BF89063742A8}.Debug|Any CPU.ActiveCfg = Debug|Any CPU
		{833175D2-8514-9CC9-D671-BF89063742A8}.Debug|Any CPU.Build.0 = Debug|Any CPU
		{833175D2-8514-9CC9-D671-BF89063742A8}.Release|Any CPU.ActiveCfg = Release|Any CPU
		{833175D2-8514-9CC9-D671-BF89063742A8}.Release|Any CPU.Build.0 = Release|Any CPU
		{9B6086EF-4BE6-70F3-5152-DF70F30AC71D}.Debug|Any CPU.ActiveCfg = Debug|Any CPU
		{9B6086EF-4BE6-70F3-5152-DF70F30AC71D}.Debug|Any CPU.Build.0 = Debug|Any CPU
		{9B6086EF-4BE6-70F3-5152-DF70F30AC71D}.Release|Any CPU.ActiveCfg = Release|Any CPU
		{9B6086EF-4BE6-70F3-5152-DF70F30AC71D}.Release|Any CPU.Build.0 = Release|Any CPU
	EndGlobalSection
	GlobalSection(SolutionProperties) = preSolution
		HideSolutionNode = FALSE
	EndGlobalSection
EndGlobal
