
Microsoft Visual Studio Solution File, Format Version 12.00
# Visual Studio 15
Project("{FAE04EC0-301F-11D3-BF4B-00C04F79EFBC}") = "VuforiaScripts", "VuforiaScripts.csproj", "{E6B965F7-5C42-8A53-205C-EA25956FA0C9}"
EndProject
Project("{FAE04EC0-301F-11D3-BF4B-00C04F79EFBC}") = "Assembly-CSharp", "Assembly-CSharp.csproj", "{7DF4D572-52E1-08B3-796F-BF416D17A6EE}"
EndProject
Project("{FAE04EC0-301F-11D3-BF4B-00C04F79EFBC}") = "VuforiaEditorScripts", "VuforiaEditorScripts.csproj", "{75028039-CB42-B02B-2998-B707C5D39273}"
EndProject
Global
	GlobalSection(SolutionConfigurationPlatforms) = preSolution
		Debug|Any CPU = Debug|Any CPU
		Release|Any CPU = Release|Any CPU
	EndGlobalSection
	GlobalSection(ProjectConfigurationPlatforms) = postSolution
		{E6B965F7-5C42-8A53-205C-EA25956FA0C9}.Debug|Any CPU.ActiveCfg = Debug|Any CPU
		{E6B965F7-5C42-8A53-205C-EA25956FA0C9}.Debug|Any CPU.Build.0 = Debug|Any CPU
		{E6B965F7-5C42-8A53-205C-EA25956FA0C9}.Release|Any CPU.ActiveCfg = Release|Any CPU
		{E6B965F7-5C42-8A53-205C-EA25956FA0C9}.Release|Any CPU.Build.0 = Release|Any CPU
		{7DF4D572-52E1-08B3-796F-BF416D17A6EE}.Debug|Any CPU.ActiveCfg = Debug|Any CPU
		{7DF4D572-52E1-08B3-796F-BF416D17A6EE}.Debug|Any CPU.Build.0 = Debug|Any CPU
		{7DF4D572-52E1-08B3-796F-BF416D17A6EE}.Release|Any CPU.ActiveCfg = Release|Any CPU
		{7DF4D572-52E1-08B3-796F-BF416D17A6EE}.Release|Any CPU.Build.0 = Release|Any CPU
		{75028039-CB42-B02B-2998-B707C5D39273}.Debug|Any CPU.ActiveCfg = Debug|Any CPU
		{75028039-CB42-B02B-2998-B707C5D39273}.Debug|Any CPU.Build.0 = Debug|Any CPU
		{75028039-CB42-B02B-2998-B707C5D39273}.Release|Any CPU.ActiveCfg = Release|Any CPU
		{75028039-CB42-B02B-2998-B707C5D39273}.Release|Any CPU.Build.0 = Release|Any CPU
	EndGlobalSection
	GlobalSection(SolutionProperties) = preSolution
		HideSolutionNode = FALSE
	EndGlobalSection
EndGlobal
